
Microsoft Visual Studio Solution File, Format Version 12.00
# Visual Studio 2013
VisualStudioVersion = 12.0.30110.0
MinimumVisualStudioVersion = 10.0.40219.1
Project("{FAE04EC0-301F-11D3-BF4B-00C04F79EFBC}") = "NancyBlog", "NancyBlog\NancyBlog.csproj", "{E1CDC236-F47B-4142-9199-DE7B088B0BC2}"
EndProject
Project("{FAE04EC0-301F-11D3-BF4B-00C04F79EFBC}") = "NancyBlog.Tests", "NancyBlog.Tests\NancyBlog.Tests.csproj", "{C404989B-95A3-4871-8373-24DFCB7B18C2}"
EndProject
Project("{FAE04EC0-301F-11D3-BF4B-00C04F79EFBC}") = "Nancy", "..\Nancy\src\Nancy\Nancy.csproj", "{34576216-0DCA-4B0F-A0DC-9075E75A676F}"
EndProject
Global
	GlobalSection(SolutionConfigurationPlatforms) = preSolution
		Debug|Any CPU = Debug|Any CPU
		MonoDebug|Any CPU = MonoDebug|Any CPU
		MonoRelease|Any CPU = MonoRelease|Any CPU
		Release|Any CPU = Release|Any CPU
	EndGlobalSection
	GlobalSection(ProjectConfigurationPlatforms) = postSolution
		{E1CDC236-F47B-4142-9199-DE7B088B0BC2}.Debug|Any CPU.ActiveCfg = Debug|Any CPU
		{E1CDC236-F47B-4142-9199-DE7B088B0BC2}.Debug|Any CPU.Build.0 = Debug|Any CPU
		{E1CDC236-F47B-4142-9199-DE7B088B0BC2}.MonoDebug|Any CPU.ActiveCfg = Debug|Any CPU
		{E1CDC236-F47B-4142-9199-DE7B088B0BC2}.MonoDebug|Any CPU.Build.0 = Debug|Any CPU
		{E1CDC236-F47B-4142-9199-DE7B088B0BC2}.MonoRelease|Any CPU.ActiveCfg = Release|Any CPU
		{E1CDC236-F47B-4142-9199-DE7B088B0BC2}.MonoRelease|Any CPU.Build.0 = Release|Any CPU
		{E1CDC236-F47B-4142-9199-DE7B088B0BC2}.Release|Any CPU.ActiveCfg = Release|Any CPU
		{E1CDC236-F47B-4142-9199-DE7B088B0BC2}.Release|Any CPU.Build.0 = Release|Any CPU
		{C404989B-95A3-4871-8373-24DFCB7B18C2}.Debug|Any CPU.ActiveCfg = Debug|Any CPU
		{C404989B-95A3-4871-8373-24DFCB7B18C2}.Debug|Any CPU.Build.0 = Debug|Any CPU
		{C404989B-95A3-4871-8373-24DFCB7B18C2}.MonoDebug|Any CPU.ActiveCfg = Debug|Any CPU
		{C404989B-95A3-4871-8373-24DFCB7B18C2}.MonoDebug|Any CPU.Build.0 = Debug|Any CPU
		{C404989B-95A3-4871-8373-24DFCB7B18C2}.MonoRelease|Any CPU.ActiveCfg = Release|Any CPU
		{C404989B-95A3-4871-8373-24DFCB7B18C2}.MonoRelease|Any CPU.Build.0 = Release|Any CPU
		{C404989B-95A3-4871-8373-24DFCB7B18C2}.Release|Any CPU.ActiveCfg = Release|Any CPU
		{C404989B-95A3-4871-8373-24DFCB7B18C2}.Release|Any CPU.Build.0 = Release|Any CPU
		{34576216-0DCA-4B0F-A0DC-9075E75A676F}.Debug|Any CPU.ActiveCfg = Debug|Any CPU
		{34576216-0DCA-4B0F-A0DC-9075E75A676F}.Debug|Any CPU.Build.0 = Debug|Any CPU
		{34576216-0DCA-4B0F-A0DC-9075E75A676F}.MonoDebug|Any CPU.ActiveCfg = MonoDebug|Any CPU
		{34576216-0DCA-4B0F-A0DC-9075E75A676F}.MonoDebug|Any CPU.Build.0 = MonoDebug|Any CPU
		{34576216-0DCA-4B0F-A0DC-9075E75A676F}.MonoRelease|Any CPU.ActiveCfg = MonoRelease|Any CPU
		{34576216-0DCA-4B0F-A0DC-9075E75A676F}.MonoRelease|Any CPU.Build.0 = MonoRelease|Any CPU
		{34576216-0DCA-4B0F-A0DC-9075E75A676F}.Release|Any CPU.ActiveCfg = Release|Any CPU
		{34576216-0DCA-4B0F-A0DC-9075E75A676F}.Release|Any CPU.Build.0 = Release|Any CPU
	EndGlobalSection
	GlobalSection(SolutionProperties) = preSolution
		HideSolutionNode = FALSE
	EndGlobalSection
EndGlobal
